
Microsoft Visual Studio Solution File, Format Version 12.00
# Visual Studio Version 17
VisualStudioVersion = 17.7.34018.315
MinimumVisualStudioVersion = 10.0.40219.1
Project("{FAE04EC0-301F-11D3-BF4B-00C04F79EFBC}") = "BusParkManagementSystem", "BusParkManagementSystem.csproj", "{1D672B37-728C-42C9-9C2B-5B588393318A}"
EndProject
Global
	GlobalSection(SolutionConfigurationPlatforms) = preSolution
		Debug|Any CPU = Debug|Any CPU
		Release|Any CPU = Release|Any CPU
	EndGlobalSection
	GlobalSection(ProjectConfigurationPlatforms) = postSolution
		{1D672B37-728C-42C9-9C2B-5B588393318A}.Debug|Any CPU.ActiveCfg = Debug|Any CPU
		{1D672B37-728C-42C9-9C2B-5B588393318A}.Debug|Any CPU.Build.0 = Debug|Any CPU
		{1D672B37-728C-42C9-9C2B-5B588393318A}.Release|Any CPU.ActiveCfg = Release|Any CPU
		{1D672B37-728C-42C9-9C2B-5B588393318A}.Release|Any CPU.Build.0 = Release|Any CPU
	EndGlobalSection
	GlobalSection(SolutionProperties) = preSolution
		HideSolutionNode = FALSE
	EndGlobalSection
	GlobalSection(ExtensibilityGlobals) = postSolution
		SolutionGuid = {23D55E5E-30CC-46C2-81FE-9943CD491663}
	EndGlobalSection
EndGlobal
